
Microsoft Visual Studio Solution File, Format Version 12.00
# Visual Studio 15
VisualStudioVersion = 15.0.27004.2009
MinimumVisualStudioVersion = 10.0.40219.1
Project("{FAE04EC0-301F-11D3-BF4B-00C04F79EFBC}") = "PowerOfThorEp1", "PowerOfThorEp1\PowerOfThorEp1.csproj", "{506175CD-8749-4832-B9B0-0ABE2E470118}"
EndProject
Project("{FAE04EC0-301F-11D3-BF4B-00C04F79EFBC}") = "Temperatures", "Temperatures\Temperatures.csproj", "{0E512A88-0E0D-4C76-BB85-E4B3FA2597D4}"
EndProject
Project("{FAE04EC0-301F-11D3-BF4B-00C04F79EFBC}") = "ISBNCheckDigit", "ISBNCheckDigit\ISBNCheckDigit.csproj", "{0B431672-97E4-45D2-87C8-5905712D34D4}"
EndProject
Global
	GlobalSection(SolutionConfigurationPlatforms) = preSolution
		Debug|Any CPU = Debug|Any CPU
		Release|Any CPU = Release|Any CPU
	EndGlobalSection
	GlobalSection(ProjectConfigurationPlatforms) = postSolution
		{506175CD-8749-4832-B9B0-0ABE2E470118}.Debug|Any CPU.ActiveCfg = Debug|Any CPU
		{506175CD-8749-4832-B9B0-0ABE2E470118}.Debug|Any CPU.Build.0 = Debug|Any CPU
		{506175CD-8749-4832-B9B0-0ABE2E470118}.Release|Any CPU.ActiveCfg = Release|Any CPU
		{506175CD-8749-4832-B9B0-0ABE2E470118}.Release|Any CPU.Build.0 = Release|Any CPU
		{0E512A88-0E0D-4C76-BB85-E4B3FA2597D4}.Debug|Any CPU.ActiveCfg = Debug|Any CPU
		{0E512A88-0E0D-4C76-BB85-E4B3FA2597D4}.Debug|Any CPU.Build.0 = Debug|Any CPU
		{0E512A88-0E0D-4C76-BB85-E4B3FA2597D4}.Release|Any CPU.ActiveCfg = Release|Any CPU
		{0E512A88-0E0D-4C76-BB85-E4B3FA2597D4}.Release|Any CPU.Build.0 = Release|Any CPU
		{0B431672-97E4-45D2-87C8-5905712D34D4}.Debug|Any CPU.ActiveCfg = Debug|Any CPU
		{0B431672-97E4-45D2-87C8-5905712D34D4}.Debug|Any CPU.Build.0 = Debug|Any CPU
		{0B431672-97E4-45D2-87C8-5905712D34D4}.Release|Any CPU.ActiveCfg = Release|Any CPU
		{0B431672-97E4-45D2-87C8-5905712D34D4}.Release|Any CPU.Build.0 = Release|Any CPU
	EndGlobalSection
	GlobalSection(SolutionProperties) = preSolution
		HideSolutionNode = FALSE
	EndGlobalSection
	GlobalSection(ExtensibilityGlobals) = postSolution
		SolutionGuid = {ECCAD621-7AD6-4C41-B7CB-C70B897A0BCD}
	EndGlobalSection
EndGlobal
